// !$*UTF8*$!
{
	archiveVersion = 1;
	classes = {
	};
	objectVersion = 50;
	objects = {

/* Begin PBXBuildFile section */
		6A340A082471612C00FA328E /* AppDelegate.swift in Sources */ = {isa = PBXBuildFile; fileRef = 6A340A072471612C00FA328E /* AppDelegate.swift */; };
		6A340A0A2471612C00FA328E /* SceneDelegate.swift in Sources */ = {isa = PBXBuildFile; fileRef = 6A340A092471612C00FA328E /* SceneDelegate.swift */; };
		6A340A0D2471612C00FA328E /* Road.xcdatamodeld in Sources */ = {isa = PBXBuildFile; fileRef = 6A340A0B2471612C00FA328E /* Road.xcdatamodeld */; };
		6A340A0F2471612C00FA328E /* ContentView.swift in Sources */ = {isa = PBXBuildFile; fileRef = 6A340A0E2471612C00FA328E /* ContentView.swift */; };
		6A340A112471612E00FA328E /* Assets.xcassets in Resources */ = {isa = PBXBuildFile; fileRef = 6A340A102471612E00FA328E /* Assets.xcassets */; };
		6A340A142471612E00FA328E /* Preview Assets.xcassets in Resources */ = {isa = PBXBuildFile; fileRef = 6A340A132471612E00FA328E /* Preview Assets.xcassets */; };
		6A340A172471612E00FA328E /* LaunchScreen.storyboard in Resources */ = {isa = PBXBuildFile; fileRef = 6A340A152471612E00FA328E /* LaunchScreen.storyboard */; };
		6A340A222471612F00FA328E /* RoadTests.swift in Sources */ = {isa = PBXBuildFile; fileRef = 6A340A212471612F00FA328E /* RoadTests.swift */; };
		6A340A2D2471612F00FA328E /* RoadUITests.swift in Sources */ = {isa = PBXBuildFile; fileRef = 6A340A2C2471612F00FA328E /* RoadUITests.swift */; };
		6AA369D624748F0B00742FE4 /* CircleImage.swift in Sources */ = {isa = PBXBuildFile; fileRef = 6AA369D524748F0B00742FE4 /* CircleImage.swift */; };
		6AA369D824748FF700742FE4 /* MapView.swift in Sources */ = {isa = PBXBuildFile; fileRef = 6AA369D724748FF700742FE4 /* MapView.swift */; };
		9756EC88FC7D774C6C1A09B7 /* Pods_Road_RoadUITests.framework in Frameworks */ = {isa = PBXBuildFile; fileRef = D89FCFA4C6575687472F5EC3 /* Pods_Road_RoadUITests.framework */; };
		C1673EC15797AE12487A0CD0 /* Pods_RoadTests.framework in Frameworks */ = {isa = PBXBuildFile; fileRef = 4747E86BDCF49D0A3F105997 /* Pods_RoadTests.framework */; };
		EC75C57604348F6A5DD1F144 /* Pods_Road.framework in Frameworks */ = {isa = PBXBuildFile; fileRef = E9F200F19DD0BE21E6539B0C /* Pods_Road.framework */; };
/* End PBXBuildFile section */

/* Begin PBXContainerItemProxy section */
		6A340A1E2471612F00FA328E /* PBXContainerItemProxy */ = {
			isa = PBXContainerItemProxy;
			containerPortal = 6A3409FC2471612C00FA328E /* Project object */;
			proxyType = 1;
			remoteGlobalIDString = 6A340A032471612C00FA328E;
			remoteInfo = Road;
		};
		6A340A292471612F00FA328E /* PBXContainerItemProxy */ = {
			isa = PBXContainerItemProxy;
			containerPortal = 6A3409FC2471612C00FA328E /* Project object */;
			proxyType = 1;
			remoteGlobalIDString = 6A340A032471612C00FA328E;
			remoteInfo = Road;
		};
/* End PBXContainerItemProxy section */

/* Begin PBXFileReference section */
		4747E86BDCF49D0A3F105997 /* Pods_RoadTests.framework */ = {isa = PBXFileReference; explicitFileType = wrapper.framework; includeInIndex = 0; path = Pods_RoadTests.framework; sourceTree = BUILT_PRODUCTS_DIR; };
		502B13B819A0E8B8F5427250 /* Pods-RoadTests.debug.xcconfig */ = {isa = PBXFileReference; includeInIndex = 1; lastKnownFileType = text.xcconfig; name = "Pods-RoadTests.debug.xcconfig"; path = "Target Support Files/Pods-RoadTests/Pods-RoadTests.debug.xcconfig"; sourceTree = "<group>"; };
		5E93C70AEA23F1B2CD17FED7 /* Pods-Road-RoadUITests.release.xcconfig */ = {isa = PBXFileReference; includeInIndex = 1; lastKnownFileType = text.xcconfig; name = "Pods-Road-RoadUITests.release.xcconfig"; path = "Target Support Files/Pods-Road-RoadUITests/Pods-Road-RoadUITests.release.xcconfig"; sourceTree = "<group>"; };
		6A340A042471612C00FA328E /* Road.app */ = {isa = PBXFileReference; explicitFileType = wrapper.application; includeInIndex = 0; path = Road.app; sourceTree = BUILT_PRODUCTS_DIR; };
		6A340A072471612C00FA328E /* AppDelegate.swift */ = {isa = PBXFileReference; lastKnownFileType = sourcecode.swift; path = AppDelegate.swift; sourceTree = "<group>"; };
		6A340A092471612C00FA328E /* SceneDelegate.swift */ = {isa = PBXFileReference; lastKnownFileType = sourcecode.swift; path = SceneDelegate.swift; sourceTree = "<group>"; };
		6A340A0C2471612C00FA328E /* Road.xcdatamodel */ = {isa = PBXFileReference; lastKnownFileType = wrapper.xcdatamodel; path = Road.xcdatamodel; sourceTree = "<group>"; };
		6A340A0E2471612C00FA328E /* ContentView.swift */ = {isa = PBXFileReference; lastKnownFileType = sourcecode.swift; path = ContentView.swift; sourceTree = "<group>"; };
		6A340A102471612E00FA328E /* Assets.xcassets */ = {isa = PBXFileReference; lastKnownFileType = folder.assetcatalog; path = Assets.xcassets; sourceTree = "<group>"; };
		6A340A132471612E00FA328E /* Preview Assets.xcassets */ = {isa = PBXFileReference; lastKnownFileType = folder.assetcatalog; path = "Preview Assets.xcassets"; sourceTree = "<group>"; };
		6A340A162471612E00FA328E /* Base */ = {isa = PBXFileReference; lastKnownFileType = file.storyboard; name = Base; path = Base.lproj/LaunchScreen.storyboard; sourceTree = "<group>"; };
		6A340A182471612E00FA328E /* Info.plist */ = {isa = PBXFileReference; lastKnownFileType = text.plist.xml; path = Info.plist; sourceTree = "<group>"; };
		6A340A1D2471612F00FA328E /* RoadTests.xctest */ = {isa = PBXFileReference; explicitFileType = wrapper.cfbundle; includeInIndex = 0; path = RoadTests.xctest; sourceTree = BUILT_PRODUCTS_DIR; };
		6A340A212471612F00FA328E /* RoadTests.swift */ = {isa = PBXFileReference; lastKnownFileType = sourcecode.swift; path = RoadTests.swift; sourceTree = "<group>"; };
		6A340A232471612F00FA328E /* Info.plist */ = {isa = PBXFileReference; lastKnownFileType = text.plist.xml; path = Info.plist; sourceTree = "<group>"; };
		6A340A282471612F00FA328E /* RoadUITests.xctest */ = {isa = PBXFileReference; explicitFileType = wrapper.cfbundle; includeInIndex = 0; path = RoadUITests.xctest; sourceTree = BUILT_PRODUCTS_DIR; };
		6A340A2C2471612F00FA328E /* RoadUITests.swift */ = {isa = PBXFileReference; lastKnownFileType = sourcecode.swift; path = RoadUITests.swift; sourceTree = "<group>"; };
		6A340A2E2471612F00FA328E /* Info.plist */ = {isa = PBXFileReference; lastKnownFileType = text.plist.xml; path = Info.plist; sourceTree = "<group>"; };
		6AA369D524748F0B00742FE4 /* CircleImage.swift */ = {isa = PBXFileReference; lastKnownFileType = sourcecode.swift; path = CircleImage.swift; sourceTree = "<group>"; };
		6AA369D724748FF700742FE4 /* MapView.swift */ = {isa = PBXFileReference; lastKnownFileType = sourcecode.swift; path = MapView.swift; sourceTree = "<group>"; };
		6C4E4EF50EDB37BC61D83DCF /* Pods-Road-RoadUITests.debug.xcconfig */ = {isa = PBXFileReference; includeInIndex = 1; lastKnownFileType = text.xcconfig; name = "Pods-Road-RoadUITests.debug.xcconfig"; path = "Target Support Files/Pods-Road-RoadUITests/Pods-Road-RoadUITests.debug.xcconfig"; sourceTree = "<group>"; };
		7DDF21E41864C003D86EAC42 /* Pods-RoadTests.release.xcconfig */ = {isa = PBXFileReference; includeInIndex = 1; lastKnownFileType = text.xcconfig; name = "Pods-RoadTests.release.xcconfig"; path = "Target Support Files/Pods-RoadTests/Pods-RoadTests.release.xcconfig"; sourceTree = "<group>"; };
		9DAA19541066B9FA9672FA2B /* Pods-Road.debug.xcconfig */ = {isa = PBXFileReference; includeInIndex = 1; lastKnownFileType = text.xcconfig; name = "Pods-Road.debug.xcconfig"; path = "Target Support Files/Pods-Road/Pods-Road.debug.xcconfig"; sourceTree = "<group>"; };
		A14AA546C3B7D008E0847C6F /* Pods-Road.release.xcconfig */ = {isa = PBXFileReference; includeInIndex = 1; lastKnownFileType = text.xcconfig; name = "Pods-Road.release.xcconfig"; path = "Target Support Files/Pods-Road/Pods-Road.release.xcconfig"; sourceTree = "<group>"; };
		D89FCFA4C6575687472F5EC3 /* Pods_Road_RoadUITests.framework */ = {isa = PBXFileReference; explicitFileType = wrapper.framework; includeInIndex = 0; path = Pods_Road_RoadUITests.framework; sourceTree = BUILT_PRODUCTS_DIR; };
		E9F200F19DD0BE21E6539B0C /* Pods_Road.framework */ = {isa = PBXFileReference; explicitFileType = wrapper.framework; includeInIndex = 0; path = Pods_Road.framework; sourceTree = BUILT_PRODUCTS_DIR; };
/* End PBXFileReference section */

/* Begin PBXFrameworksBuildPhase section */
		6A340A012471612C00FA328E /* Frameworks */ = {
			isa = PBXFrameworksBuildPhase;
			buildActionMask = 2147483647;
			files = (
				EC75C57604348F6A5DD1F144 /* Pods_Road.framework in Frameworks */,
			);
			runOnlyForDeploymentPostprocessing = 0;
		};
		6A340A1A2471612F00FA328E /* Frameworks */ = {
			isa = PBXFrameworksBuildPhase;
			buildActionMask = 2147483647;
			files = (
				C1673EC15797AE12487A0CD0 /* Pods_RoadTests.framework in Frameworks */,
			);
			runOnlyForDeploymentPostprocessing = 0;
		};
		6A340A252471612F00FA328E /* Frameworks */ = {
			isa = PBXFrameworksBuildPhase;
			buildActionMask = 2147483647;
			files = (
				9756EC88FC7D774C6C1A09B7 /* Pods_Road_RoadUITests.framework in Frameworks */,
			);
			runOnlyForDeploymentPostprocessing = 0;
		};
/* End PBXFrameworksBuildPhase section */

/* Begin PBXGroup section */
		5D7008BA5603EB03C4726909 /* Pods */ = {
			isa = PBXGroup;
			children = (
				9DAA19541066B9FA9672FA2B /* Pods-Road.debug.xcconfig */,
				A14AA546C3B7D008E0847C6F /* Pods-Road.release.xcconfig */,
				6C4E4EF50EDB37BC61D83DCF /* Pods-Road-RoadUITests.debug.xcconfig */,
				5E93C70AEA23F1B2CD17FED7 /* Pods-Road-RoadUITests.release.xcconfig */,
				502B13B819A0E8B8F5427250 /* Pods-RoadTests.debug.xcconfig */,
				7DDF21E41864C003D86EAC42 /* Pods-RoadTests.release.xcconfig */,
			);
			name = Pods;
			path = Pods;
			sourceTree = "<group>";
		};
		6A3409FB2471612C00FA328E = {
			isa = PBXGroup;
			children = (
				6A340A062471612C00FA328E /* Road */,
				6A340A202471612F00FA328E /* RoadTests */,
				6A340A2B2471612F00FA328E /* RoadUITests */,
				6A340A052471612C00FA328E /* Products */,
				5D7008BA5603EB03C4726909 /* Pods */,
				9E070C3F8514C630E9328A9B /* Frameworks */,
			);
			sourceTree = "<group>";
		};
		6A340A052471612C00FA328E /* Products */ = {
			isa = PBXGroup;
			children = (
				6A340A042471612C00FA328E /* Road.app */,
				6A340A1D2471612F00FA328E /* RoadTests.xctest */,
				6A340A282471612F00FA328E /* RoadUITests.xctest */,
			);
			name = Products;
			sourceTree = "<group>";
		};
		6A340A062471612C00FA328E /* Road */ = {
			isa = PBXGroup;
			children = (
				6A340A072471612C00FA328E /* AppDelegate.swift */,
				6A340A092471612C00FA328E /* SceneDelegate.swift */,
				6A340A0E2471612C00FA328E /* ContentView.swift */,
				6AA369D724748FF700742FE4 /* MapView.swift */,
				6AA369D524748F0B00742FE4 /* CircleImage.swift */,
				6A340A102471612E00FA328E /* Assets.xcassets */,
				6A340A152471612E00FA328E /* LaunchScreen.storyboard */,
				6A340A182471612E00FA328E /* Info.plist */,
				6A340A0B2471612C00FA328E /* Road.xcdatamodeld */,
				6A340A122471612E00FA328E /* Preview Content */,
			);
			path = Road;
			sourceTree = "<group>";
		};
		6A340A122471612E00FA328E /* Preview Content */ = {
			isa = PBXGroup;
			children = (
				6A340A132471612E00FA328E /* Preview Assets.xcassets */,
			);
			path = "Preview Content";
			sourceTree = "<group>";
		};
		6A340A202471612F00FA328E /* RoadTests */ = {
			isa = PBXGroup;
			children = (
				6A340A212471612F00FA328E /* RoadTests.swift */,
				6A340A232471612F00FA328E /* Info.plist */,
			);
			path = RoadTests;
			sourceTree = "<group>";
		};
		6A340A2B2471612F00FA328E /* RoadUITests */ = {
			isa = PBXGroup;
			children = (
				6A340A2C2471612F00FA328E /* RoadUITests.swift */,
				6A340A2E2471612F00FA328E /* Info.plist */,
			);
			path = RoadUITests;
			sourceTree = "<group>";
		};
		9E070C3F8514C630E9328A9B /* Frameworks */ = {
			isa = PBXGroup;
			children = (
				E9F200F19DD0BE21E6539B0C /* Pods_Road.framework */,
				D89FCFA4C6575687472F5EC3 /* Pods_Road_RoadUITests.framework */,
				4747E86BDCF49D0A3F105997 /* Pods_RoadTests.framework */,
			);
			name = Frameworks;
			sourceTree = "<group>";
		};
/* End PBXGroup section */

/* Begin PBXNativeTarget section */
		6A340A032471612C00FA328E /* Road */ = {
			isa = PBXNativeTarget;
			buildConfigurationList = 6A340A312471612F00FA328E /* Build configuration list for PBXNativeTarget "Road" */;
			buildPhases = (
				4B6929C57BD9372C30C29C8F /* [CP] Check Pods Manifest.lock */,
				6A340A002471612C00FA328E /* Sources */,
				6A340A012471612C00FA328E /* Frameworks */,
				6A340A022471612C00FA328E /* Resources */,
				E3CAC8F875C4BB62491A1BD3 /* [CP] Embed Pods Frameworks */,
			);
			buildRules = (
			);
			dependencies = (
			);
			name = Road;
			productName = Road;
			productReference = 6A340A042471612C00FA328E /* Road.app */;
			productType = "com.apple.product-type.application";
		};
		6A340A1C2471612F00FA328E /* RoadTests */ = {
			isa = PBXNativeTarget;
			buildConfigurationList = 6A340A342471612F00FA328E /* Build configuration list for PBXNativeTarget "RoadTests" */;
			buildPhases = (
				65098E8BB9B86C061564F421 /* [CP] Check Pods Manifest.lock */,
				6A340A192471612F00FA328E /* Sources */,
				6A340A1A2471612F00FA328E /* Frameworks */,
				6A340A1B2471612F00FA328E /* Resources */,
			);
			buildRules = (
			);
			dependencies = (
				6A340A1F2471612F00FA328E /* PBXTargetDependency */,
			);
			name = RoadTests;
			productName = RoadTests;
			productReference = 6A340A1D2471612F00FA328E /* RoadTests.xctest */;
			productType = "com.apple.product-type.bundle.unit-test";
		};
		6A340A272471612F00FA328E /* RoadUITests */ = {
			isa = PBXNativeTarget;
			buildConfigurationList = 6A340A372471612F00FA328E /* Build configuration list for PBXNativeTarget "RoadUITests" */;
			buildPhases = (
				37AC34FB3038C0DD5A0AFF8B /* [CP] Check Pods Manifest.lock */,
				6A340A242471612F00FA328E /* Sources */,
				6A340A252471612F00FA328E /* Frameworks */,
				6A340A262471612F00FA328E /* Resources */,
				4E980577B431332ADBDA374C /* [CP] Embed Pods Frameworks */,
			);
			buildRules = (
			);
			dependencies = (
				6A340A2A2471612F00FA328E /* PBXTargetDependency */,
			);
			name = RoadUITests;
			productName = RoadUITests;
			productReference = 6A340A282471612F00FA328E /* RoadUITests.xctest */;
			productType = "com.apple.product-type.bundle.ui-testing";
		};
/* End PBXNativeTarget section */

/* Begin PBXProject section */
		6A3409FC2471612C00FA328E /* Project object */ = {
			isa = PBXProject;
			attributes = {
				LastSwiftUpdateCheck = 1140;
				LastUpgradeCheck = 1140;
				ORGANIZATIONNAME = ddas;
				TargetAttributes = {
					6A340A032471612C00FA328E = {
						CreatedOnToolsVersion = 11.4.1;
					};
					6A340A1C2471612F00FA328E = {
						CreatedOnToolsVersion = 11.4.1;
						TestTargetID = 6A340A032471612C00FA328E;
					};
					6A340A272471612F00FA328E = {
						CreatedOnToolsVersion = 11.4.1;
						TestTargetID = 6A340A032471612C00FA328E;
					};
				};
			};
			buildConfigurationList = 6A3409FF2471612C00FA328E /* Build configuration list for PBXProject "Road" */;
			compatibilityVersion = "Xcode 9.3";
			developmentRegion = en;
			hasScannedForEncodings = 0;
			knownRegions = (
				en,
				Base,
			);
			mainGroup = 6A3409FB2471612C00FA328E;
			productRefGroup = 6A340A052471612C00FA328E /* Products */;
			projectDirPath = "";
			projectRoot = "";
			targets = (
				6A340A032471612C00FA328E /* Road */,
				6A340A1C2471612F00FA328E /* RoadTests */,
				6A340A272471612F00FA328E /* RoadUITests */,
			);
		};
/* End PBXProject section */

/* Begin PBXResourcesBuildPhase section */
		6A340A022471612C00FA328E /* Resources */ = {
			isa = PBXResourcesBuildPhase;
			buildActionMask = 2147483647;
			files = (
				6A340A172471612E00FA328E /* LaunchScreen.storyboard in Resources */,
				6A340A142471612E00FA328E /* Preview Assets.xcassets in Resources */,
				6A340A112471612E00FA328E /* Assets.xcassets in Resources */,
			);
			runOnlyForDeploymentPostprocessing = 0;
		};
		6A340A1B2471612F00FA328E /* Resources */ = {
			isa = PBXResourcesBuildPhase;
			buildActionMask = 2147483647;
			files = (
			);
			runOnlyForDeploymentPostprocessing = 0;
		};
		6A340A262471612F00FA328E /* Resources */ = {
			isa = PBXResourcesBuildPhase;
			buildActionMask = 2147483647;
			files = (
			);
			runOnlyForDeploymentPostprocessing = 0;
		};
/* End PBXResourcesBuildPhase section */

/* Begin PBXShellScriptBuildPhase section */
		37AC34FB3038C0DD5A0AFF8B /* [CP] Check Pods Manifest.lock */ = {
			isa = PBXShellScriptBuildPhase;
			buildActionMask = 2147483647;
			files = (
			);
			inputFileListPaths = (
			);
			inputPaths = (
				"${PODS_PODFILE_DIR_PATH}/Podfile.lock",
				"${PODS_ROOT}/Manifest.lock",
			);
			name = "[CP] Check Pods Manifest.lock";
			outputFileListPaths = (
			);
			outputPaths = (
				"$(DERIVED_FILE_DIR)/Pods-Road-RoadUITests-checkManifestLockResult.txt",
			);
			runOnlyForDeploymentPostprocessing = 0;
			shellPath = /bin/sh;
			shellScript = "diff \"${PODS_PODFILE_DIR_PATH}/Podfile.lock\" \"${PODS_ROOT}/Manifest.lock\" > /dev/null\nif [ $? != 0 ] ; then\n    # print error to STDERR\n    echo \"error: The sandbox is not in sync with the Podfile.lock. Run 'pod install' or update your CocoaPods installation.\" >&2\n    exit 1\nfi\n# This output is used by Xcode 'outputs' to avoid re-running this script phase.\necho \"SUCCESS\" > \"${SCRIPT_OUTPUT_FILE_0}\"\n";
			showEnvVarsInLog = 0;
		};
		4B6929C57BD9372C30C29C8F /* [CP] Check Pods Manifest.lock */ = {
			isa = PBXShellScriptBuildPhase;
			buildActionMask = 2147483647;
			files = (
			);
			inputFileListPaths = (
			);
			inputPaths = (
				"${PODS_PODFILE_DIR_PATH}/Podfile.lock",
				"${PODS_ROOT}/Manifest.lock",
			);
			name = "[CP] Check Pods Manifest.lock";
			outputFileListPaths = (
			);
			outputPaths = (
				"$(DERIVED_FILE_DIR)/Pods-Road-checkManifestLockResult.txt",
			);
			runOnlyForDeploymentPostprocessing = 0;
			shellPath = /bin/sh;
			shellScript = "diff \"${PODS_PODFILE_DIR_PATH}/Podfile.lock\" \"${PODS_ROOT}/Manifest.lock\" > /dev/null\nif [ $? != 0 ] ; then\n    # print error to STDERR\n    echo \"error: The sandbox is not in sync with the Podfile.lock. Run 'pod install' or update your CocoaPods installation.\" >&2\n    exit 1\nfi\n# This output is used by Xcode 'outputs' to avoid re-running this script phase.\necho \"SUCCESS\" > \"${SCRIPT_OUTPUT_FILE_0}\"\n";
			showEnvVarsInLog = 0;
		};
		4E980577B431332ADBDA374C /* [CP] Embed Pods Frameworks */ = {
			isa = PBXShellScriptBuildPhase;
			buildActionMask = 2147483647;
			files = (
			);
			inputFileListPaths = (
				"${PODS_ROOT}/Target Support Files/Pods-Road-RoadUITests/Pods-Road-RoadUITests-frameworks-${CONFIGURATION}-input-files.xcfilelist",
			);
			name = "[CP] Embed Pods Frameworks";
			outputFileListPaths = (
				"${PODS_ROOT}/Target Support Files/Pods-Road-RoadUITests/Pods-Road-RoadUITests-frameworks-${CONFIGURATION}-output-files.xcfilelist",
			);
			runOnlyForDeploymentPostprocessing = 0;
			shellPath = /bin/sh;
			shellScript = "\"${PODS_ROOT}/Target Support Files/Pods-Road-RoadUITests/Pods-Road-RoadUITests-frameworks.sh\"\n";
			showEnvVarsInLog = 0;
		};
		65098E8BB9B86C061564F421 /* [CP] Check Pods Manifest.lock */ = {
			isa = PBXShellScriptBuildPhase;
			buildActionMask = 2147483647;
			files = (
			);
			inputFileListPaths = (
			);
			inputPaths = (
				"${PODS_PODFILE_DIR_PATH}/Podfile.lock",
				"${PODS_ROOT}/Manifest.lock",
			);
			name = "[CP] Check Pods Manifest.lock";
			outputFileListPaths = (
			);
			outputPaths = (
				"$(DERIVED_FILE_DIR)/Pods-RoadTests-checkManifestLockResult.txt",
			);
			runOnlyForDeploymentPostprocessing = 0;
			shellPath = /bin/sh;
			shellScript = "diff \"${PODS_PODFILE_DIR_PATH}/Podfile.lock\" \"${PODS_ROOT}/Manifest.lock\" > /dev/null\nif [ $? != 0 ] ; then\n    # print error to STDERR\n    echo \"error: The sandbox is not in sync with the Podfile.lock. Run 'pod install' or update your CocoaPods installation.\" >&2\n    exit 1\nfi\n# This output is used by Xcode 'outputs' to avoid re-running this script phase.\necho \"SUCCESS\" > \"${SCRIPT_OUTPUT_FILE_0}\"\n";
			showEnvVarsInLog = 0;
		};
		E3CAC8F875C4BB62491A1BD3 /* [CP] Embed Pods Frameworks */ = {
			isa = PBXShellScriptBuildPhase;
			buildActionMask = 2147483647;
			files = (
			);
			inputFileListPaths = (
				"${PODS_ROOT}/Target Support Files/Pods-Road/Pods-Road-frameworks-${CONFIGURATION}-input-files.xcfilelist",
			);
			name = "[CP] Embed Pods Frameworks";
			outputFileListPaths = (
				"${PODS_ROOT}/Target Support Files/Pods-Road/Pods-Road-frameworks-${CONFIGURATION}-output-files.xcfilelist",
			);
			runOnlyForDeploymentPostprocessing = 0;
			shellPath = /bin/sh;
			shellScript = "\"${PODS_ROOT}/Target Support Files/Pods-Road/Pods-Road-frameworks.sh\"\n";
			showEnvVarsInLog = 0;
		};
/* End PBXShellScriptBuildPhase section */

/* Begin PBXSourcesBuildPhase section */
		6A340A002471612C00FA328E /* Sources */ = {
			isa = PBXSourcesBuildPhase;
			buildActionMask = 2147483647;
			files = (
				6A340A082471612C00FA328E /* AppDelegate.swift in Sources */,
				6AA369D824748FF700742FE4 /* MapView.swift in Sources */,
				6A340A0D2471612C00FA328E /* Road.xcdatamodeld in Sources */,
				6A340A0F2471612C00FA328E /* ContentView.swift in Sources */,
				6A340A0A2471612C00FA328E /* SceneDelegate.swift in Sources */,
				6AA369D624748F0B00742FE4 /* CircleImage.swift in Sources */,
			);
			runOnlyForDeploymentPostprocessing = 0;
		};
		6A340A192471612F00FA328E /* Sources */ = {
			isa = PBXSourcesBuildPhase;
			buildActionMask = 2147483647;
			files = (
				6A340A222471612F00FA328E /* RoadTests.swift in Sources */,
			);
			runOnlyForDeploymentPostprocessing = 0;
		};
		6A340A242471612F00FA328E /* Sources */ = {
			isa = PBXSourcesBuildPhase;
			buildActionMask = 2147483647;
			files = (
				6A340A2D2471612F00FA328E /* RoadUITests.swift in Sources */,
			);
			runOnlyForDeploymentPostprocessing = 0;
		};
/* End PBXSourcesBuildPhase section */

/* Begin PBXTargetDependency section */
		6A340A1F2471612F00FA328E /* PBXTargetDependency */ = {
			isa = PBXTargetDependency;
			target = 6A340A032471612C00FA328E /* Road */;
			targetProxy = 6A340A1E2471612F00FA328E /* PBXContainerItemProxy */;
		};
		6A340A2A2471612F00FA328E /* PBXTargetDependency */ = {
			isa = PBXTargetDependency;
			target = 6A340A032471612C00FA328E /* Road */;
			targetProxy = 6A340A292471612F00FA328E /* PBXContainerItemProxy */;
		};
/* End PBXTargetDependency section */

/* Begin PBXVariantGroup section */
		6A340A152471612E00FA328E /* LaunchScreen.storyboard */ = {
			isa = PBXVariantGroup;
			children = (
				6A340A162471612E00FA328E /* Base */,
			);
			name = LaunchScreen.storyboard;
			sourceTree = "<group>";
		};
/* End PBXVariantGroup section */

/* Begin XCBuildConfiguration section */
		6A340A2F2471612F00FA328E /* Debug */ = {
			isa = XCBuildConfiguration;
			buildSettings = {
				ALWAYS_SEARCH_USER_PATHS = NO;
				CLANG_ANALYZER_NONNULL = YES;
				CLANG_ANALYZER_NUMBER_OBJECT_CONVERSION = YES_AGGRESSIVE;
				CLANG_CXX_LANGUAGE_STANDARD = "gnu++14";
				CLANG_CXX_LIBRARY = "libc++";
				CLANG_ENABLE_MODULES = YES;
				CLANG_ENABLE_OBJC_ARC = YES;
				CLANG_ENABLE_OBJC_WEAK = YES;
				CLANG_WARN_BLOCK_CAPTURE_AUTORELEASING = YES;
				CLANG_WARN_BOOL_CONVERSION = YES;
				CLANG_WARN_COMMA = YES;
				CLANG_WARN_CONSTANT_CONVERSION = YES;
				CLANG_WARN_DEPRECATED_OBJC_IMPLEMENTATIONS = YES;
				CLANG_WARN_DIRECT_OBJC_ISA_USAGE = YES_ERROR;
				CLANG_WARN_DOCUMENTATION_COMMENTS = YES;
				CLANG_WARN_EMPTY_BODY = YES;
				CLANG_WARN_ENUM_CONVERSION = YES;
				CLANG_WARN_INFINITE_RECURSION = YES;
				CLANG_WARN_INT_CONVERSION = YES;
				CLANG_WARN_NON_LITERAL_NULL_CONVERSION = YES;
				CLANG_WARN_OBJC_IMPLICIT_RETAIN_SELF = YES;
				CLANG_WARN_OBJC_LITERAL_CONVERSION = YES;
				CLANG_WARN_OBJC_ROOT_CLASS = YES_ERROR;
				CLANG_WARN_RANGE_LOOP_ANALYSIS = YES;
				CLANG_WARN_STRICT_PROTOTYPES = YES;
				CLANG_WARN_SUSPICIOUS_MOVE = YES;
				CLANG_WARN_UNGUARDED_AVAILABILITY = YES_AGGRESSIVE;
				CLANG_WARN_UNREACHABLE_CODE = YES;
				CLANG_WARN__DUPLICATE_METHOD_MATCH = YES;
				COPY_PHASE_STRIP = NO;
				DEBUG_INFORMATION_FORMAT = dwarf;
				ENABLE_STRICT_OBJC_MSGSEND = YES;
				ENABLE_TESTABILITY = YES;
				GCC_C_LANGUAGE_STANDARD = gnu11;
				GCC_DYNAMIC_NO_PIC = NO;
				GCC_NO_COMMON_BLOCKS = YES;
				GCC_OPTIMIZATION_LEVEL = 0;
				GCC_PREPROCESSOR_DEFINITIONS = (
					"DEBUG=1",
					"$(inherited)",
				);
				GCC_WARN_64_TO_32_BIT_CONVERSION = YES;
				GCC_WARN_ABOUT_RETURN_TYPE = YES_ERROR;
				GCC_WARN_UNDECLARED_SELECTOR = YES;
				GCC_WARN_UNINITIALIZED_AUTOS = YES_AGGRESSIVE;
				GCC_WARN_UNUSED_FUNCTION = YES;
				GCC_WARN_UNUSED_VARIABLE = YES;
				IPHONEOS_DEPLOYMENT_TARGET = 13.4;
				MTL_ENABLE_DEBUG_INFO = INCLUDE_SOURCE;
				MTL_FAST_MATH = YES;
				ONLY_ACTIVE_ARCH = YES;
				SDKROOT = iphoneos;
				SWIFT_ACTIVE_COMPILATION_CONDITIONS = DEBUG;
				SWIFT_OPTIMIZATION_LEVEL = "-Onone";
			};
			name = Debug;
		};
		6A340A302471612F00FA328E /* Release */ = {
			isa = XCBuildConfiguration;
			buildSettings = {
				ALWAYS_SEARCH_USER_PATHS = NO;
				CLANG_ANALYZER_NONNULL = YES;
				CLANG_ANALYZER_NUMBER_OBJECT_CONVERSION = YES_AGGRESSIVE;
				CLANG_CXX_LANGUAGE_STANDARD = "gnu++14";
				CLANG_CXX_LIBRARY = "libc++";
				CLANG_ENABLE_MODULES = YES;
				CLANG_ENABLE_OBJC_ARC = YES;
				CLANG_ENABLE_OBJC_WEAK = YES;
				CLANG_WARN_BLOCK_CAPTURE_AUTORELEASING = YES;
				CLANG_WARN_BOOL_CONVERSION = YES;
				CLANG_WARN_COMMA = YES;
				CLANG_WARN_CONSTANT_CONVERSION = YES;
				CLANG_WARN_DEPRECATED_OBJC_IMPLEMENTATIONS = YES;
				CLANG_WARN_DIRECT_OBJC_ISA_USAGE = YES_ERROR;
				CLANG_WARN_DOCUMENTATION_COMMENTS = YES;
				CLANG_WARN_EMPTY_BODY = YES;
				CLANG_WARN_ENUM_CONVERSION = YES;
				CLANG_WARN_INFINITE_RECURSION = YES;
				CLANG_WARN_INT_CONVERSION = YES;
				CLANG_WARN_NON_LITERAL_NULL_CONVERSION = YES;
				CLANG_WARN_OBJC_IMPLICIT_RETAIN_SELF = YES;
				CLANG_WARN_OBJC_LITERAL_CONVERSION = YES;
				CLANG_WARN_OBJC_ROOT_CLASS = YES_ERROR;
				CLANG_WARN_RANGE_LOOP_ANALYSIS = YES;
				CLANG_WARN_STRICT_PROTOTYPES = YES;
				CLANG_WARN_SUSPICIOUS_MOVE = YES;
				CLANG_WARN_UNGUARDED_AVAILABILITY = YES_AGGRESSIVE;
				CLANG_WARN_UNREACHABLE_CODE = YES;
				CLANG_WARN__DUPLICATE_METHOD_MATCH = YES;
				COPY_PHASE_STRIP = NO;
				DEBUG_INFORMATION_FORMAT = "dwarf-with-dsym";
				ENABLE_NS_ASSERTIONS = NO;
				ENABLE_STRICT_OBJC_MSGSEND = YES;
				GCC_C_LANGUAGE_STANDARD = gnu11;
				GCC_NO_COMMON_BLOCKS = YES;
				GCC_WARN_64_TO_32_BIT_CONVERSION = YES;
				GCC_WARN_ABOUT_RETURN_TYPE = YES_ERROR;
				GCC_WARN_UNDECLARED_SELECTOR = YES;
				GCC_WARN_UNINITIALIZED_AUTOS = YES_AGGRESSIVE;
				GCC_WARN_UNUSED_FUNCTION = YES;
				GCC_WARN_UNUSED_VARIABLE = YES;
				IPHONEOS_DEPLOYMENT_TARGET = 13.4;
				MTL_ENABLE_DEBUG_INFO = NO;
				MTL_FAST_MATH = YES;
				SDKROOT = iphoneos;
				SWIFT_COMPILATION_MODE = wholemodule;
				SWIFT_OPTIMIZATION_LEVEL = "-O";
				VALIDATE_PRODUCT = YES;
			};
			name = Release;
		};
		6A340A322471612F00FA328E /* Debug */ = {
			isa = XCBuildConfiguration;
			baseConfigurationReference = 9DAA19541066B9FA9672FA2B /* Pods-Road.debug.xcconfig */;
			buildSettings = {
				ASSETCATALOG_COMPILER_APPICON_NAME = AppIcon;
				CODE_SIGN_STYLE = Automatic;
				DEVELOPMENT_ASSET_PATHS = "\"Road/Preview Content\"";
				DEVELOPMENT_TEAM = 644G98975D;
				ENABLE_PREVIEWS = YES;
				INFOPLIST_FILE = Road/Info.plist;
				LD_RUNPATH_SEARCH_PATHS = (
					"$(inherited)",
					"@executable_path/Frameworks",
				);
				PRODUCT_BUNDLE_IDENTIFIER = com.damodara.Road;
				PRODUCT_NAME = "$(TARGET_NAME)";
				SWIFT_VERSION = 5.0;
				TARGETED_DEVICE_FAMILY = "1,2";
			};
			name = Debug;
		};
		6A340A332471612F00FA328E /* Release */ = {
			isa = XCBuildConfiguration;
			baseConfigurationReference = A14AA546C3B7D008E0847C6F /* Pods-Road.release.xcconfig */;
			buildSettings = {
				ASSETCATALOG_COMPILER_APPICON_NAME = AppIcon;
				CODE_SIGN_STYLE = Automatic;
				DEVELOPMENT_ASSET_PATHS = "\"Road/Preview Content\"";
				DEVELOPMENT_TEAM = 644G98975D;
				ENABLE_PREVIEWS = YES;
				INFOPLIST_FILE = Road/Info.plist;
				LD_RUNPATH_SEARCH_PATHS = (
					"$(inherited)",
					"@executable_path/Frameworks",
				);
				PRODUCT_BUNDLE_IDENTIFIER = com.damodara.Road;
				PRODUCT_NAME = "$(TARGET_NAME)";
				SWIFT_VERSION = 5.0;
				TARGETED_DEVICE_FAMILY = "1,2";
			};
			name = Release;
		};
		6A340A352471612F00FA328E /* Debug */ = {
			isa = XCBuildConfiguration;
			baseConfigurationReference = 502B13B819A0E8B8F5427250 /* Pods-RoadTests.debug.xcconfig */;
			buildSettings = {
				ALWAYS_EMBED_SWIFT_STANDARD_LIBRARIES = YES;
				BUNDLE_LOADER = "$(TEST_HOST)";
				CODE_SIGN_STYLE = Automatic;
				DEVELOPMENT_TEAM = 644G98975D;
				INFOPLIST_FILE = RoadTests/Info.plist;
				IPHONEOS_DEPLOYMENT_TARGET = 13.4;
				LD_RUNPATH_SEARCH_PATHS = (
					"$(inherited)",
					"@executable_path/Frameworks",
					"@loader_path/Frameworks",
				);
				PRODUCT_BUNDLE_IDENTIFIER = com.damodara.RoadTests;
				PRODUCT_NAME = "$(TARGET_NAME)";
				SWIFT_VERSION = 5.0;
				TARGETED_DEVICE_FAMILY = "1,2";
				TEST_HOST = "$(BUILT_PRODUCTS_DIR)/Road.app/Road";
			};
			name = Debug;
		};
		6A340A362471612F00FA328E /* Release */ = {
			isa = XCBuildConfiguration;
			baseConfigurationReference = 7DDF21E41864C003D86EAC42 /* Pods-RoadTests.release.xcconfig */;
			buildSettings = {
				ALWAYS_EMBED_SWIFT_STANDARD_LIBRARIES = YES;
				BUNDLE_LOADER = "$(TEST_HOST)";
				CODE_SIGN_STYLE = Automatic;
				DEVELOPMENT_TEAM = 644G98975D;
				INFOPLIST_FILE = RoadTests/Info.plist;
				IPHONEOS_DEPLOYMENT_TARGET = 13.4;
				LD_RUNPATH_SEARCH_PATHS = (
					"$(inherited)",
					"@executable_path/Frameworks",
					"@loader_path/Frameworks",
				);
				PRODUCT_BUNDLE_IDENTIFIER = com.damodara.RoadTests;
				PRODUCT_NAME = "$(TARGET_NAME)";
				SWIFT_VERSION = 5.0;
				TARGETED_DEVICE_FAMILY = "1,2";
				TEST_HOST = "$(BUILT_PRODUCTS_DIR)/Road.app/Road";
			};
			name = Release;
		};
		6A340A382471612F00FA328E /* Debug */ = {
			isa = XCBuildConfiguration;
			baseConfigurationReference = 6C4E4EF50EDB37BC61D83DCF /* Pods-Road-RoadUITests.debug.xcconfig */;
			buildSettings = {
				ALWAYS_EMBED_SWIFT_STANDARD_LIBRARIES = YES;
				CODE_SIGN_STYLE = Automatic;
				DEVELOPMENT_TEAM = 644G98975D;
				INFOPLIST_FILE = RoadUITests/Info.plist;
				LD_RUNPATH_SEARCH_PATHS = (
					"$(inherited)",
					"@executable_path/Frameworks",
					"@loader_path/Frameworks",
				);
				PRODUCT_BUNDLE_IDENTIFIER = com.damodara.RoadUITests;
				PRODUCT_NAME = "$(TARGET_NAME)";
				SWIFT_VERSION = 5.0;
				TARGETED_DEVICE_FAMILY = "1,2";
				TEST_TARGET_NAME = Road;
			};
			name = Debug;
		};
		6A340A392471612F00FA328E /* Release */ = {
			isa = XCBuildConfiguration;
			baseConfigurationReference = 5E93C70AEA23F1B2CD17FED7 /* Pods-Road-RoadUITests.release.xcconfig */;
			buildSettings = {
				ALWAYS_EMBED_SWIFT_STANDARD_LIBRARIES = YES;
				CODE_SIGN_STYLE = Automatic;
				DEVELOPMENT_TEAM = 644G98975D;
				INFOPLIST_FILE = RoadUITests/Info.plist;
				LD_RUNPATH_SEARCH_PATHS = (
					"$(inherited)",
					"@executable_path/Frameworks",
					"@loader_path/Frameworks",
				);
				PRODUCT_BUNDLE_IDENTIFIER = com.damodara.RoadUITests;
				PRODUCT_NAME = "$(TARGET_NAME)";
				SWIFT_VERSION = 5.0;
				TARGETED_DEVICE_FAMILY = "1,2";
				TEST_TARGET_NAME = Road;
			};
			name = Release;
		};
/* End XCBuildConfiguration section */

/* Begin XCConfigurationList section */
		6A3409FF2471612C00FA328E /* Build configuration list for PBXProject "Road" */ = {
			isa = XCConfigurationList;
			buildConfigurations = (
				6A340A2F2471612F00FA328E /* Debug */,
				6A340A302471612F00FA328E /* Release */,
			);
			defaultConfigurationIsVisible = 0;
			defaultConfigurationName = Release;
		};
		6A340A312471612F00FA328E /* Build configuration list for PBXNativeTarget "Road" */ = {
			isa = XCConfigurationList;
			buildConfigurations = (
				6A340A322471612F00FA328E /* Debug */,
				6A340A332471612F00FA328E /* Release */,
			);
			defaultConfigurationIsVisible = 0;
			defaultConfigurationName = Release;
		};
		6A340A342471612F00FA328E /* Build configuration list for PBXNativeTarget "RoadTests" */ = {
			isa = XCConfigurationList;
			buildConfigurations = (
				6A340A352471612F00FA328E /* Debug */,
				6A340A362471612F00FA328E /* Release */,
			);
			defaultConfigurationIsVisible = 0;
			defaultConfigurationName = Release;
		};
		6A340A372471612F00FA328E /* Build configuration list for PBXNativeTarget "RoadUITests" */ = {
			isa = XCConfigurationList;
			buildConfigurations = (
				6A340A382471612F00FA328E /* Debug */,
				6A340A392471612F00FA328E /* Release */,
			);
			defaultConfigurationIsVisible = 0;
			defaultConfigurationName = Release;
		};
/* End XCConfigurationList section */

/* Begin XCVersionGroup section */
		6A340A0B2471612C00FA328E /* Road.xcdatamodeld */ = {
			isa = XCVersionGroup;
			children = (
				6A340A0C2471612C00FA328E /* Road.xcdatamodel */,
			);
			currentVersion = 6A340A0C2471612C00FA328E /* Road.xcdatamodel */;
			path = Road.xcdatamodeld;
			sourceTree = "<group>";
			versionGroupType = wrapper.xcdatamodel;
		};
/* End XCVersionGroup section */
	};
	rootObject = 6A3409FC2471612C00FA328E /* Project object */;
}
